{
  "name": "attribution-reporting-header-validator-demo",
  "version": "1.0.0",
  "lockfileVersion": 2,
  "requires": true,
  "packages": {
    "": {
      "name": "attribution-reporting-header-validator-demo",
      "version": "1.0.0",
      "license": "Apache-2.0",
      "dependencies": {
        "structured-headers": "^0.4.1"
      }
    },
    "node_modules/structured-headers": {
      "version": "0.4.1",
      "resolved": "https://registry.npmjs.org/structured-headers/-/structured-headers-0.4.1.tgz",
      "integrity": "sha512-0MP/Cxx5SzeeZ10p/bZI0S6MpgD+yxAhi1BOQ34jgnMXsCq3j1t6tQnZu+KdlL7dvJTLT3g9xN8tl10TqgFMcg=="
    }
  },
  "dependencies": {
    "structured-headers": {
      "version": "0.4.1",
      "resolved": "https://registry.npmjs.org/structured-headers/-/structured-headers-0.4.1.tgz",
      "integrity": "sha512-0MP/Cxx5SzeeZ10p/bZI0S6MpgD+yxAhi1BOQ34jgnMXsCq3j1t6tQnZu+KdlL7dvJTLT3g9xN8tl10TqgFMcg=="
    }
  }
}
